
Microsoft Visual Studio Solution File, Format Version 12.00
# Visual Studio Version 16
VisualStudioVersion = 16.0.31624.102
MinimumVisualStudioVersion = 10.0.40219.1
Project("{FAE04EC0-301F-11D3-BF4B-00C04F79EFBC}") = "uppgift2", "uppgift2\uppgift2.csproj", "{978EE6D6-68B9-4F95-AF12-4CF2EBD5F1B5}"
EndProject
Global
	GlobalSection(SolutionConfigurationPlatforms) = preSolution
		Debug|Any CPU = Debug|Any CPU
		Release|Any CPU = Release|Any CPU
	EndGlobalSection
	GlobalSection(ProjectConfigurationPlatforms) = postSolution
		{978EE6D6-68B9-4F95-AF12-4CF2EBD5F1B5}.Debug|Any CPU.ActiveCfg = Debug|Any CPU
		{978EE6D6-68B9-4F95-AF12-4CF2EBD5F1B5}.Debug|Any CPU.Build.0 = Debug|Any CPU
		{978EE6D6-68B9-4F95-AF12-4CF2EBD5F1B5}.Release|Any CPU.ActiveCfg = Release|Any CPU
		{978EE6D6-68B9-4F95-AF12-4CF2EBD5F1B5}.Release|Any CPU.Build.0 = Release|Any CPU
	EndGlobalSection
	GlobalSection(SolutionProperties) = preSolution
		HideSolutionNode = FALSE
	EndGlobalSection
	GlobalSection(ExtensibilityGlobals) = postSolution
		SolutionGuid = {8DF1B29A-E8C9-426A-AD5D-FA12B82B9262}
	EndGlobalSection
EndGlobal
